
Microsoft Visual Studio Solution File, Format Version 12.00
# Visual Studio 15
VisualStudioVersion = 15.0.27130.2026
MinimumVisualStudioVersion = 10.0.40219.1
Project("{FAE04EC0-301F-11D3-BF4B-00C04F79EFBC}") = "Exercise 14", "Exercise 14\Exercise 14.csproj", "{06573D7A-E2CA-4B12-950C-E95A72EAEA8C}"
EndProject
Global
	GlobalSection(SolutionConfigurationPlatforms) = preSolution
		Debug|Any CPU = Debug|Any CPU
		Release|Any CPU = Release|Any CPU
	EndGlobalSection
	GlobalSection(ProjectConfigurationPlatforms) = postSolution
		{06573D7A-E2CA-4B12-950C-E95A72EAEA8C}.Debug|Any CPU.ActiveCfg = Debug|Any CPU
		{06573D7A-E2CA-4B12-950C-E95A72EAEA8C}.Debug|Any CPU.Build.0 = Debug|Any CPU
		{06573D7A-E2CA-4B12-950C-E95A72EAEA8C}.Release|Any CPU.ActiveCfg = Release|Any CPU
		{06573D7A-E2CA-4B12-950C-E95A72EAEA8C}.Release|Any CPU.Build.0 = Release|Any CPU
	EndGlobalSection
	GlobalSection(SolutionProperties) = preSolution
		HideSolutionNode = FALSE
	EndGlobalSection
	GlobalSection(ExtensibilityGlobals) = postSolution
		SolutionGuid = {1FB23AA0-9772-41DA-B9F6-F05329A8D42E}
	EndGlobalSection
EndGlobal
